
Microsoft Visual Studio Solution File, Format Version 12.00
# Visual Studio 2017
Project("{FAE04EC0-301F-11D3-BF4B-00C04F79EFBC}") = "N3DS_BasicStarterProject", "N3DS_BasicStarterProject.csproj", "{C1291A9B-A436-DC00-0870-6051A5D87AD1}"
EndProject
Global
	GlobalSection(SolutionConfigurationPlatforms) = preSolution
		Debug|Any CPU = Debug|Any CPU
		Release|Any CPU = Release|Any CPU
	EndGlobalSection
	GlobalSection(ProjectConfigurationPlatforms) = postSolution
		{C1291A9B-A436-DC00-0870-6051A5D87AD1}.Debug|Any CPU.ActiveCfg = Debug|Any CPU
		{C1291A9B-A436-DC00-0870-6051A5D87AD1}.Debug|Any CPU.Build.0 = Debug|Any CPU
		{C1291A9B-A436-DC00-0870-6051A5D87AD1}.Release|Any CPU.ActiveCfg = Release|Any CPU
		{C1291A9B-A436-DC00-0870-6051A5D87AD1}.Release|Any CPU.Build.0 = Release|Any CPU
	EndGlobalSection
	GlobalSection(SolutionProperties) = preSolution
		HideSolutionNode = FALSE
	EndGlobalSection
EndGlobal
